
Microsoft Visual Studio Solution File, Format Version 12.00
# Visual Studio Version 17
VisualStudioVersion = 17.11.35327.3
MinimumVisualStudioVersion = 10.0.40219.1
Project("{FAE04EC0-301F-11D3-BF4B-00C04F79EFBC}") = "MovieManagement.Domain", "MovieManagement.Domain\MovieManagement.Domain.csproj", "{7E49AFC0-F970-4CA5-BFEE-8EFCF51C0684}"
EndProject
Project("{FAE04EC0-301F-11D3-BF4B-00C04F79EFBC}") = "MovieManagement.Application", "MovieManagement.Application\MovieManagement.Application.csproj", "{F8C32F21-999C-4833-857A-3F3628AF7AFF}"
EndProject
Project("{FAE04EC0-301F-11D3-BF4B-00C04F79EFBC}") = "MovieManagement.Infrastructure", "MovieManagement.Infrastructure\MovieManagement.Infrastructure.csproj", "{A87CECBB-0E40-44B4-8FE1-A8BA093A42F7}"
EndProject
Project("{FAE04EC0-301F-11D3-BF4B-00C04F79EFBC}") = "MovieManagement.Api", "MovieManagement.Api\MovieManagement.Api.csproj", "{ADEF5405-F874-483E-AEF1-B02772230DFA}"
EndProject
Global
	GlobalSection(SolutionConfigurationPlatforms) = preSolution
		Debug|Any CPU = Debug|Any CPU
		Release|Any CPU = Release|Any CPU
	EndGlobalSection
	GlobalSection(ProjectConfigurationPlatforms) = postSolution
		{7E49AFC0-F970-4CA5-BFEE-8EFCF51C0684}.Debug|Any CPU.ActiveCfg = Debug|Any CPU
		{7E49AFC0-F970-4CA5-BFEE-8EFCF51C0684}.Debug|Any CPU.Build.0 = Debug|Any CPU
		{7E49AFC0-F970-4CA5-BFEE-8EFCF51C0684}.Release|Any CPU.ActiveCfg = Release|Any CPU
		{7E49AFC0-F970-4CA5-BFEE-8EFCF51C0684}.Release|Any CPU.Build.0 = Release|Any CPU
		{F8C32F21-999C-4833-857A-3F3628AF7AFF}.Debug|Any CPU.ActiveCfg = Debug|Any CPU
		{F8C32F21-999C-4833-857A-3F3628AF7AFF}.Debug|Any CPU.Build.0 = Debug|Any CPU
		{F8C32F21-999C-4833-857A-3F3628AF7AFF}.Release|Any CPU.ActiveCfg = Release|Any CPU
		{F8C32F21-999C-4833-857A-3F3628AF7AFF}.Release|Any CPU.Build.0 = Release|Any CPU
		{A87CECBB-0E40-44B4-8FE1-A8BA093A42F7}.Debug|Any CPU.ActiveCfg = Debug|Any CPU
		{A87CECBB-0E40-44B4-8FE1-A8BA093A42F7}.Debug|Any CPU.Build.0 = Debug|Any CPU
		{A87CECBB-0E40-44B4-8FE1-A8BA093A42F7}.Release|Any CPU.ActiveCfg = Release|Any CPU
		{A87CECBB-0E40-44B4-8FE1-A8BA093A42F7}.Release|Any CPU.Build.0 = Release|Any CPU
		{ADEF5405-F874-483E-AEF1-B02772230DFA}.Debug|Any CPU.ActiveCfg = Debug|Any CPU
		{ADEF5405-F874-483E-AEF1-B02772230DFA}.Debug|Any CPU.Build.0 = Debug|Any CPU
		{ADEF5405-F874-483E-AEF1-B02772230DFA}.Release|Any CPU.ActiveCfg = Release|Any CPU
		{ADEF5405-F874-483E-AEF1-B02772230DFA}.Release|Any CPU.Build.0 = Release|Any CPU
	EndGlobalSection
	GlobalSection(SolutionProperties) = preSolution
		HideSolutionNode = FALSE
	EndGlobalSection
	GlobalSection(ExtensibilityGlobals) = postSolution
		SolutionGuid = {132F2843-C801-4491-A923-EDE35ED2FFA7}
	EndGlobalSection
EndGlobal
